
Microsoft Visual Studio Solution File, Format Version 12.00
# Visual Studio 15
VisualStudioVersion = 15.0.28010.2048
MinimumVisualStudioVersion = 10.0.40219.1
Project("{FAE04EC0-301F-11D3-BF4B-00C04F79EFBC}") = "Repository", "Repository\Repository.csproj", "{A471E964-5E54-4FCC-A8FD-F724EDAA8E83}"
EndProject
Project("{FAE04EC0-301F-11D3-BF4B-00C04F79EFBC}") = "Service", "Service\Service.csproj", "{94FC58E4-FE24-4CDD-AC7C-DDA2A5B18FD3}"
EndProject
Project("{FAE04EC0-301F-11D3-BF4B-00C04F79EFBC}") = "WebApi", "WebApi\WebApi.csproj", "{B0A7B376-C07B-43E5-86B5-3AB626C6F093}"
EndProject
Project("{FAE04EC0-301F-11D3-BF4B-00C04F79EFBC}") = "Tests", "Tests\Tests.csproj", "{46C06125-DD23-49B1-8388-A0675CE3B874}"
EndProject
Project("{FAE04EC0-301F-11D3-BF4B-00C04F79EFBC}") = "Data", "Data\Data.csproj", "{8D4DFC9D-8FC4-4F73-B2B5-D0940065494E}"
EndProject
Project("{FAE04EC0-301F-11D3-BF4B-00C04F79EFBC}") = "TestConsole", "TestConsole\TestConsole.csproj", "{806679DE-D0A6-4A5B-BE0A-AF08F9F46E7F}"
EndProject
Project("{FAE04EC0-301F-11D3-BF4B-00C04F79EFBC}") = "WebUI", "WebUI\WebUI.csproj", "{3C962485-33A7-40BF-93D0-8BAC8FB3C1D4}"
EndProject
Global
	GlobalSection(SolutionConfigurationPlatforms) = preSolution
		Debug|Any CPU = Debug|Any CPU
		Release|Any CPU = Release|Any CPU
	EndGlobalSection
	GlobalSection(ProjectConfigurationPlatforms) = postSolution
		{A471E964-5E54-4FCC-A8FD-F724EDAA8E83}.Debug|Any CPU.ActiveCfg = Debug|Any CPU
		{A471E964-5E54-4FCC-A8FD-F724EDAA8E83}.Debug|Any CPU.Build.0 = Debug|Any CPU
		{A471E964-5E54-4FCC-A8FD-F724EDAA8E83}.Release|Any CPU.ActiveCfg = Release|Any CPU
		{A471E964-5E54-4FCC-A8FD-F724EDAA8E83}.Release|Any CPU.Build.0 = Release|Any CPU
		{94FC58E4-FE24-4CDD-AC7C-DDA2A5B18FD3}.Debug|Any CPU.ActiveCfg = Debug|Any CPU
		{94FC58E4-FE24-4CDD-AC7C-DDA2A5B18FD3}.Debug|Any CPU.Build.0 = Debug|Any CPU
		{94FC58E4-FE24-4CDD-AC7C-DDA2A5B18FD3}.Release|Any CPU.ActiveCfg = Release|Any CPU
		{94FC58E4-FE24-4CDD-AC7C-DDA2A5B18FD3}.Release|Any CPU.Build.0 = Release|Any CPU
		{B0A7B376-C07B-43E5-86B5-3AB626C6F093}.Debug|Any CPU.ActiveCfg = Debug|Any CPU
		{B0A7B376-C07B-43E5-86B5-3AB626C6F093}.Debug|Any CPU.Build.0 = Debug|Any CPU
		{B0A7B376-C07B-43E5-86B5-3AB626C6F093}.Release|Any CPU.ActiveCfg = Release|Any CPU
		{B0A7B376-C07B-43E5-86B5-3AB626C6F093}.Release|Any CPU.Build.0 = Release|Any CPU
		{46C06125-DD23-49B1-8388-A0675CE3B874}.Debug|Any CPU.ActiveCfg = Debug|Any CPU
		{46C06125-DD23-49B1-8388-A0675CE3B874}.Debug|Any CPU.Build.0 = Debug|Any CPU
		{46C06125-DD23-49B1-8388-A0675CE3B874}.Release|Any CPU.ActiveCfg = Release|Any CPU
		{46C06125-DD23-49B1-8388-A0675CE3B874}.Release|Any CPU.Build.0 = Release|Any CPU
		{8D4DFC9D-8FC4-4F73-B2B5-D0940065494E}.Debug|Any CPU.ActiveCfg = Debug|Any CPU
		{8D4DFC9D-8FC4-4F73-B2B5-D0940065494E}.Debug|Any CPU.Build.0 = Debug|Any CPU
		{8D4DFC9D-8FC4-4F73-B2B5-D0940065494E}.Release|Any CPU.ActiveCfg = Release|Any CPU
		{8D4DFC9D-8FC4-4F73-B2B5-D0940065494E}.Release|Any CPU.Build.0 = Release|Any CPU
		{806679DE-D0A6-4A5B-BE0A-AF08F9F46E7F}.Debug|Any CPU.ActiveCfg = Debug|Any CPU
		{806679DE-D0A6-4A5B-BE0A-AF08F9F46E7F}.Debug|Any CPU.Build.0 = Debug|Any CPU
		{806679DE-D0A6-4A5B-BE0A-AF08F9F46E7F}.Release|Any CPU.ActiveCfg = Release|Any CPU
		{806679DE-D0A6-4A5B-BE0A-AF08F9F46E7F}.Release|Any CPU.Build.0 = Release|Any CPU
		{3C962485-33A7-40BF-93D0-8BAC8FB3C1D4}.Debug|Any CPU.ActiveCfg = Debug|Any CPU
		{3C962485-33A7-40BF-93D0-8BAC8FB3C1D4}.Debug|Any CPU.Build.0 = Debug|Any CPU
		{3C962485-33A7-40BF-93D0-8BAC8FB3C1D4}.Release|Any CPU.ActiveCfg = Release|Any CPU
		{3C962485-33A7-40BF-93D0-8BAC8FB3C1D4}.Release|Any CPU.Build.0 = Release|Any CPU
	EndGlobalSection
	GlobalSection(SolutionProperties) = preSolution
		HideSolutionNode = FALSE
	EndGlobalSection
	GlobalSection(ExtensibilityGlobals) = postSolution
		SolutionGuid = {78C8C45A-9B4A-4D45-B590-36FD87A46933}
	EndGlobalSection
EndGlobal
